
Microsoft Visual Studio Solution File, Format Version 12.00
# Visual Studio 16
Project("{FAE04EC0-301F-11D3-BF4B-00C04F79EFBC}") = "Assembly-CSharp", "Assembly-CSharp.csproj", "{FE302121-33E8-32D0-CE8B-A42E85697B77}"
EndProject
Project("{FAE04EC0-301F-11D3-BF4B-00C04F79EFBC}") = "Unity.2D.Tilemap.Extras", "Unity.2D.Tilemap.Extras.csproj", "{51E2C63D-21CD-17FD-5A51-10A827F3D405}"
EndProject
Project("{FAE04EC0-301F-11D3-BF4B-00C04F79EFBC}") = "Unity.2D.Tilemap.Extras.Editor", "Unity.2D.Tilemap.Extras.Editor.csproj", "{382706DB-677D-F23B-BB87-3D26DF9E435B}"
EndProject
Project("{FAE04EC0-301F-11D3-BF4B-00C04F79EFBC}") = "Unity.2D.Tilemap.Extras.Placeholder.EditorTests", "Unity.2D.Tilemap.Extras.Placeholder.EditorTests.csproj", "{9B5C0D33-C33C-5B0E-625C-7E797648D862}"
EndProject
Global
	GlobalSection(SolutionConfigurationPlatforms) = preSolution
		Debug|Any CPU = Debug|Any CPU
		Release|Any CPU = Release|Any CPU
	EndGlobalSection
	GlobalSection(ProjectConfigurationPlatforms) = postSolution
		{FE302121-33E8-32D0-CE8B-A42E85697B77}.Debug|Any CPU.ActiveCfg = Debug|Any CPU
		{FE302121-33E8-32D0-CE8B-A42E85697B77}.Debug|Any CPU.Build.0 = Debug|Any CPU
		{FE302121-33E8-32D0-CE8B-A42E85697B77}.Release|Any CPU.ActiveCfg = Release|Any CPU
		{FE302121-33E8-32D0-CE8B-A42E85697B77}.Release|Any CPU.Build.0 = Release|Any CPU
		{51E2C63D-21CD-17FD-5A51-10A827F3D405}.Debug|Any CPU.ActiveCfg = Debug|Any CPU
		{51E2C63D-21CD-17FD-5A51-10A827F3D405}.Debug|Any CPU.Build.0 = Debug|Any CPU
		{51E2C63D-21CD-17FD-5A51-10A827F3D405}.Release|Any CPU.ActiveCfg = Release|Any CPU
		{51E2C63D-21CD-17FD-5A51-10A827F3D405}.Release|Any CPU.Build.0 = Release|Any CPU
		{382706DB-677D-F23B-BB87-3D26DF9E435B}.Debug|Any CPU.ActiveCfg = Debug|Any CPU
		{382706DB-677D-F23B-BB87-3D26DF9E435B}.Debug|Any CPU.Build.0 = Debug|Any CPU
		{382706DB-677D-F23B-BB87-3D26DF9E435B}.Release|Any CPU.ActiveCfg = Release|Any CPU
		{382706DB-677D-F23B-BB87-3D26DF9E435B}.Release|Any CPU.Build.0 = Release|Any CPU
		{9B5C0D33-C33C-5B0E-625C-7E797648D862}.Debug|Any CPU.ActiveCfg = Debug|Any CPU
		{9B5C0D33-C33C-5B0E-625C-7E797648D862}.Debug|Any CPU.Build.0 = Debug|Any CPU
		{9B5C0D33-C33C-5B0E-625C-7E797648D862}.Release|Any CPU.ActiveCfg = Release|Any CPU
		{9B5C0D33-C33C-5B0E-625C-7E797648D862}.Release|Any CPU.Build.0 = Release|Any CPU
	EndGlobalSection
	GlobalSection(SolutionProperties) = preSolution
		HideSolutionNode = FALSE
	EndGlobalSection
EndGlobal
