
Microsoft Visual Studio Solution File, Format Version 12.00
# Visual Studio 16
Project("{FAE04EC0-301F-11D3-BF4B-00C04F79EFBC}") = "Assembly-CSharp", "Assembly-CSharp.csproj", "{E56F9ECB-22FB-6C9C-49E5-27900780D99F}"
EndProject
Project("{FAE04EC0-301F-11D3-BF4B-00C04F79EFBC}") = "Unity.2D.Tilemap.Extras", "Unity.2D.Tilemap.Extras.csproj", "{46540CAC-93ED-F515-64A0-157813A3E6C0}"
EndProject
Project("{FAE04EC0-301F-11D3-BF4B-00C04F79EFBC}") = "Unity.2D.Tilemap.Extras.Editor", "Unity.2D.Tilemap.Extras.Editor.csproj", "{AAF8D316-46ED-B35E-4582-3138F4D799B1}"
EndProject
Project("{FAE04EC0-301F-11D3-BF4B-00C04F79EFBC}") = "Unity.2D.Tilemap.Extras.Placeholder.EditorTests", "Unity.2D.Tilemap.Extras.Placeholder.EditorTests.csproj", "{F107FB83-7395-D7F3-7802-A257039A9801}"
EndProject
Global
	GlobalSection(SolutionConfigurationPlatforms) = preSolution
		Debug|Any CPU = Debug|Any CPU
		Release|Any CPU = Release|Any CPU
	EndGlobalSection
	GlobalSection(ProjectConfigurationPlatforms) = postSolution
		{E56F9ECB-22FB-6C9C-49E5-27900780D99F}.Debug|Any CPU.ActiveCfg = Debug|Any CPU
		{E56F9ECB-22FB-6C9C-49E5-27900780D99F}.Debug|Any CPU.Build.0 = Debug|Any CPU
		{E56F9ECB-22FB-6C9C-49E5-27900780D99F}.Release|Any CPU.ActiveCfg = Release|Any CPU
		{E56F9ECB-22FB-6C9C-49E5-27900780D99F}.Release|Any CPU.Build.0 = Release|Any CPU
		{46540CAC-93ED-F515-64A0-157813A3E6C0}.Debug|Any CPU.ActiveCfg = Debug|Any CPU
		{46540CAC-93ED-F515-64A0-157813A3E6C0}.Debug|Any CPU.Build.0 = Debug|Any CPU
		{46540CAC-93ED-F515-64A0-157813A3E6C0}.Release|Any CPU.ActiveCfg = Release|Any CPU
		{46540CAC-93ED-F515-64A0-157813A3E6C0}.Release|Any CPU.Build.0 = Release|Any CPU
		{AAF8D316-46ED-B35E-4582-3138F4D799B1}.Debug|Any CPU.ActiveCfg = Debug|Any CPU
		{AAF8D316-46ED-B35E-4582-3138F4D799B1}.Debug|Any CPU.Build.0 = Debug|Any CPU
		{AAF8D316-46ED-B35E-4582-3138F4D799B1}.Release|Any CPU.ActiveCfg = Release|Any CPU
		{AAF8D316-46ED-B35E-4582-3138F4D799B1}.Release|Any CPU.Build.0 = Release|Any CPU
		{F107FB83-7395-D7F3-7802-A257039A9801}.Debug|Any CPU.ActiveCfg = Debug|Any CPU
		{F107FB83-7395-D7F3-7802-A257039A9801}.Debug|Any CPU.Build.0 = Debug|Any CPU
		{F107FB83-7395-D7F3-7802-A257039A9801}.Release|Any CPU.ActiveCfg = Release|Any CPU
		{F107FB83-7395-D7F3-7802-A257039A9801}.Release|Any CPU.Build.0 = Release|Any CPU
	EndGlobalSection
	GlobalSection(SolutionProperties) = preSolution
		HideSolutionNode = FALSE
	EndGlobalSection
EndGlobal
