
Microsoft Visual Studio Solution File, Format Version 12.00
# Visual Studio 15
Project("{FAE04EC0-301F-11D3-BF4B-00C04F79EFBC}") = "Assembly-CSharp", "Assembly-CSharp.csproj", "{318717BD-F0FE-DB4E-36F1-2C0C5DBEEA68}"
EndProject
Global
	GlobalSection(SolutionConfigurationPlatforms) = preSolution
		Debug|Any CPU = Debug|Any CPU
		Release|Any CPU = Release|Any CPU
	EndGlobalSection
	GlobalSection(ProjectConfigurationPlatforms) = postSolution
		{318717BD-F0FE-DB4E-36F1-2C0C5DBEEA68}.Debug|Any CPU.ActiveCfg = Debug|Any CPU
		{318717BD-F0FE-DB4E-36F1-2C0C5DBEEA68}.Debug|Any CPU.Build.0 = Debug|Any CPU
		{318717BD-F0FE-DB4E-36F1-2C0C5DBEEA68}.Release|Any CPU.ActiveCfg = Release|Any CPU
		{318717BD-F0FE-DB4E-36F1-2C0C5DBEEA68}.Release|Any CPU.Build.0 = Release|Any CPU
	EndGlobalSection
	GlobalSection(SolutionProperties) = preSolution
		HideSolutionNode = FALSE
	EndGlobalSection
EndGlobal
